
Microsoft Visual Studio Solution File, Format Version 12.00
# Visual Studio Version 17
VisualStudioVersion = 17.0.31903.59
MinimumVisualStudioVersion = 10.0.40219.1
Project("{2150E333-8FDC-42A3-9474-1A3956D46DE8}") = "src", "src", "{827E0CD3-B72D-47B6-A68D-7590B98EB39B}"
EndProject
Project("{FAE04EC0-301F-11D3-BF4B-00C04F79EFBC}") = "MangaViewer.Core", "src\MangaViewer.Core\MangaViewer.Core.csproj", "{CDAD5C74-2471-48E6-8A2C-9A563684BA71}"
EndProject
Project("{FAE04EC0-301F-11D3-BF4B-00C04F79EFBC}") = "MangaViewer", "src\MangaViewer\MangaViewer.csproj", "{8E3C687D-A6FC-4A6C-8032-1320E85DFEF0}"
EndProject
Project("{2150E333-8FDC-42A3-9474-1A3956D46DE8}") = "tests", "tests", "{0AB3BF05-4346-4AA6-1389-037BE0695223}"
EndProject
Project("{FAE04EC0-301F-11D3-BF4B-00C04F79EFBC}") = "MangaViewer.Core.Tests", "tests\MangaViewer.Core.Tests\MangaViewer.Core.Tests.csproj", "{AF3908F9-528F-497A-A30C-DAAA2D843FCD}"
EndProject
Global
	GlobalSection(SolutionConfigurationPlatforms) = preSolution
		Debug|Any CPU = Debug|Any CPU
		Debug|x64 = Debug|x64
		Debug|x86 = Debug|x86
		Release|Any CPU = Release|Any CPU
		Release|x64 = Release|x64
		Release|x86 = Release|x86
	EndGlobalSection
	GlobalSection(ProjectConfigurationPlatforms) = postSolution
		{CDAD5C74-2471-48E6-8A2C-9A563684BA71}.Debug|Any CPU.ActiveCfg = Debug|Any CPU
		{CDAD5C74-2471-48E6-8A2C-9A563684BA71}.Debug|Any CPU.Build.0 = Debug|Any CPU
		{CDAD5C74-2471-48E6-8A2C-9A563684BA71}.Debug|x64.ActiveCfg = Debug|Any CPU
		{CDAD5C74-2471-48E6-8A2C-9A563684BA71}.Debug|x64.Build.0 = Debug|Any CPU
		{CDAD5C74-2471-48E6-8A2C-9A563684BA71}.Debug|x86.ActiveCfg = Debug|Any CPU
		{CDAD5C74-2471-48E6-8A2C-9A563684BA71}.Debug|x86.Build.0 = Debug|Any CPU
		{CDAD5C74-2471-48E6-8A2C-9A563684BA71}.Release|Any CPU.ActiveCfg = Release|Any CPU
		{CDAD5C74-2471-48E6-8A2C-9A563684BA71}.Release|Any CPU.Build.0 = Release|Any CPU
		{CDAD5C74-2471-48E6-8A2C-9A563684BA71}.Release|x64.ActiveCfg = Release|Any CPU
		{CDAD5C74-2471-48E6-8A2C-9A563684BA71}.Release|x64.Build.0 = Release|Any CPU
		{CDAD5C74-2471-48E6-8A2C-9A563684BA71}.Release|x86.ActiveCfg = Release|Any CPU
		{CDAD5C74-2471-48E6-8A2C-9A563684BA71}.Release|x86.Build.0 = Release|Any CPU
		{8E3C687D-A6FC-4A6C-8032-1320E85DFEF0}.Debug|Any CPU.ActiveCfg = Debug|Any CPU
		{8E3C687D-A6FC-4A6C-8032-1320E85DFEF0}.Debug|Any CPU.Build.0 = Debug|Any CPU
		{8E3C687D-A6FC-4A6C-8032-1320E85DFEF0}.Debug|x64.ActiveCfg = Debug|Any CPU
		{8E3C687D-A6FC-4A6C-8032-1320E85DFEF0}.Debug|x64.Build.0 = Debug|Any CPU
		{8E3C687D-A6FC-4A6C-8032-1320E85DFEF0}.Debug|x86.ActiveCfg = Debug|Any CPU
		{8E3C687D-A6FC-4A6C-8032-1320E85DFEF0}.Debug|x86.Build.0 = Debug|Any CPU
		{8E3C687D-A6FC-4A6C-8032-1320E85DFEF0}.Release|Any CPU.ActiveCfg = Release|Any CPU
		{8E3C687D-A6FC-4A6C-8032-1320E85DFEF0}.Release|Any CPU.Build.0 = Release|Any CPU
		{8E3C687D-A6FC-4A6C-8032-1320E85DFEF0}.Release|x64.ActiveCfg = Release|Any CPU
		{8E3C687D-A6FC-4A6C-8032-1320E85DFEF0}.Release|x64.Build.0 = Release|Any CPU
		{8E3C687D-A6FC-4A6C-8032-1320E85DFEF0}.Release|x86.ActiveCfg = Release|Any CPU
		{8E3C687D-A6FC-4A6C-8032-1320E85DFEF0}.Release|x86.Build.0 = Release|Any CPU
		{AF3908F9-528F-497A-A30C-DAAA2D843FCD}.Debug|Any CPU.ActiveCfg = Debug|Any CPU
		{AF3908F9-528F-497A-A30C-DAAA2D843FCD}.Debug|Any CPU.Build.0 = Debug|Any CPU
		{AF3908F9-528F-497A-A30C-DAAA2D843FCD}.Debug|x64.ActiveCfg = Debug|Any CPU
		{AF3908F9-528F-497A-A30C-DAAA2D843FCD}.Debug|x64.Build.0 = Debug|Any CPU
		{AF3908F9-528F-497A-A30C-DAAA2D843FCD}.Debug|x86.ActiveCfg = Debug|Any CPU
		{AF3908F9-528F-497A-A30C-DAAA2D843FCD}.Debug|x86.Build.0 = Debug|Any CPU
		{AF3908F9-528F-497A-A30C-DAAA2D843FCD}.Release|Any CPU.ActiveCfg = Release|Any CPU
		{AF3908F9-528F-497A-A30C-DAAA2D843FCD}.Release|Any CPU.Build.0 = Release|Any CPU
		{AF3908F9-528F-497A-A30C-DAAA2D843FCD}.Release|x64.ActiveCfg = Release|Any CPU
		{AF3908F9-528F-497A-A30C-DAAA2D843FCD}.Release|x64.Build.0 = Release|Any CPU
		{AF3908F9-528F-497A-A30C-DAAA2D843FCD}.Release|x86.ActiveCfg = Release|Any CPU
		{AF3908F9-528F-497A-A30C-DAAA2D843FCD}.Release|x86.Build.0 = Release|Any CPU
	EndGlobalSection
	GlobalSection(SolutionProperties) = preSolution
		HideSolutionNode = FALSE
	EndGlobalSection
	GlobalSection(NestedProjects) = preSolution
		{CDAD5C74-2471-48E6-8A2C-9A563684BA71} = {827E0CD3-B72D-47B6-A68D-7590B98EB39B}
		{8E3C687D-A6FC-4A6C-8032-1320E85DFEF0} = {827E0CD3-B72D-47B6-A68D-7590B98EB39B}
		{AF3908F9-528F-497A-A30C-DAAA2D843FCD} = {0AB3BF05-4346-4AA6-1389-037BE0695223}
	EndGlobalSection
EndGlobal
